// !$*UTF8*$!
{
	archiveVersion = 1;
	classes = {
	};
	objectVersion = 56;
	objects = {

/* Begin PBXBuildFile section */
		27ECCE8A2A25AA0100F398EC /* Recipies_CulminatingApp.swift in Sources */ = {isa = PBXBuildFile; fileRef = 27ECCE892A25AA0100F398EC /* Recipies_CulminatingApp.swift */; };
		27ECCE8E2A25AA0B00F398EC /* Assets.xcassets in Resources */ = {isa = PBXBuildFile; fileRef = 27ECCE8D2A25AA0B00F398EC /* Assets.xcassets */; };
		27ECCE912A25AA0B00F398EC /* Preview Assets.xcassets in Resources */ = {isa = PBXBuildFile; fileRef = 27ECCE902A25AA0B00F398EC /* Preview Assets.xcassets */; };
		27ECCE982A25AA3300F398EC /* CreatorView.swift in Sources */ = {isa = PBXBuildFile; fileRef = 27ECCE972A25AA3300F398EC /* CreatorView.swift */; };
		27ECCE9A2A25AA4C00F398EC /* SavedView.swift in Sources */ = {isa = PBXBuildFile; fileRef = 27ECCE992A25AA4C00F398EC /* SavedView.swift */; };
		27ECCE9D2A2B820500F398EC /* Recipes.db in Resources */ = {isa = PBXBuildFile; fileRef = 27ECCE9C2A2B820400F398EC /* Recipes.db */; };
		27ECCE9F2A2B842100F398EC /* AppDataBase.swift in Sources */ = {isa = PBXBuildFile; fileRef = 27ECCE9E2A2B842100F398EC /* AppDataBase.swift */; };
		27ECCEA22A2B84C100F398EC /* Blackbird in Frameworks */ = {isa = PBXBuildFile; productRef = 27ECCEA12A2B84C100F398EC /* Blackbird */; };
		27ECCEA42A2B8BA200F398EC /* IngridientsList.swift in Sources */ = {isa = PBXBuildFile; fileRef = 27ECCEA32A2B8BA200F398EC /* IngridientsList.swift */; };
/* End PBXBuildFile section */

/* Begin PBXFileReference section */
		27ECCE862A25AA0100F398EC /* Recipies Culminating.app */ = {isa = PBXFileReference; explicitFileType = wrapper.application; includeInIndex = 0; path = "Recipies Culminating.app"; sourceTree = BUILT_PRODUCTS_DIR; };
		27ECCE892A25AA0100F398EC /* Recipies_CulminatingApp.swift */ = {isa = PBXFileReference; lastKnownFileType = sourcecode.swift; path = Recipies_CulminatingApp.swift; sourceTree = "<group>"; };
		27ECCE8D2A25AA0B00F398EC /* Assets.xcassets */ = {isa = PBXFileReference; lastKnownFileType = folder.assetcatalog; path = Assets.xcassets; sourceTree = "<group>"; };
		27ECCE902A25AA0B00F398EC /* Preview Assets.xcassets */ = {isa = PBXFileReference; lastKnownFileType = folder.assetcatalog; path = "Preview Assets.xcassets"; sourceTree = "<group>"; };
		27ECCE972A25AA3300F398EC /* CreatorView.swift */ = {isa = PBXFileReference; lastKnownFileType = sourcecode.swift; path = CreatorView.swift; sourceTree = "<group>"; };
		27ECCE992A25AA4C00F398EC /* SavedView.swift */ = {isa = PBXFileReference; lastKnownFileType = sourcecode.swift; path = SavedView.swift; sourceTree = "<group>"; };
		27ECCE9C2A2B820400F398EC /* Recipes.db */ = {isa = PBXFileReference; lastKnownFileType = file; name = Recipes.db; path = "Recipies Culminating/Model/Recipes.db"; sourceTree = SOURCE_ROOT; };
		27ECCE9E2A2B842100F398EC /* AppDataBase.swift */ = {isa = PBXFileReference; lastKnownFileType = sourcecode.swift; path = AppDataBase.swift; sourceTree = "<group>"; };
		27ECCEA32A2B8BA200F398EC /* IngridientsList.swift */ = {isa = PBXFileReference; lastKnownFileType = sourcecode.swift; path = IngridientsList.swift; sourceTree = "<group>"; };
/* End PBXFileReference section */

/* Begin PBXFrameworksBuildPhase section */
		27ECCE832A25AA0100F398EC /* Frameworks */ = {
			isa = PBXFrameworksBuildPhase;
			buildActionMask = 2147483647;
			files = (
				27ECCEA22A2B84C100F398EC /* Blackbird in Frameworks */,
			);
			runOnlyForDeploymentPostprocessing = 0;
		};
/* End PBXFrameworksBuildPhase section */

/* Begin PBXGroup section */
		27ECCE7D2A25AA0000F398EC = {
			isa = PBXGroup;
			children = (
				27ECCE882A25AA0100F398EC /* Recipies Culminating */,
				27ECCE872A25AA0100F398EC /* Products */,
			);
			sourceTree = "<group>";
		};
		27ECCE872A25AA0100F398EC /* Products */ = {
			isa = PBXGroup;
			children = (
				27ECCE862A25AA0100F398EC /* Recipies Culminating.app */,
			);
			name = Products;
			sourceTree = "<group>";
		};
		27ECCE882A25AA0100F398EC /* Recipies Culminating */ = {
			isa = PBXGroup;
			children = (
				27ECCE892A25AA0100F398EC /* Recipies_CulminatingApp.swift */,
				27ECCEA52A2B8BDF00F398EC /* Model */,
				27ECCE9B2A25AA5500F398EC /* Views */,
				27ECCE9E2A2B842100F398EC /* AppDataBase.swift */,
				27ECCE8F2A25AA0B00F398EC /* Preview Content */,
			);
			path = "Recipies Culminating";
			sourceTree = "<group>";
		};
		27ECCE8F2A25AA0B00F398EC /* Preview Content */ = {
			isa = PBXGroup;
			children = (
				27ECCE902A25AA0B00F398EC /* Preview Assets.xcassets */,
			);
			path = "Preview Content";
			sourceTree = "<group>";
		};
		27ECCE9B2A25AA5500F398EC /* Views */ = {
			isa = PBXGroup;
			children = (
				27ECCE8D2A25AA0B00F398EC /* Assets.xcassets */,
				27ECCE992A25AA4C00F398EC /* SavedView.swift */,
				27ECCE972A25AA3300F398EC /* CreatorView.swift */,
			);
			path = Views;
			sourceTree = "<group>";
		};
		27ECCEA52A2B8BDF00F398EC /* Model */ = {
			isa = PBXGroup;
			children = (
				27ECCE9C2A2B820400F398EC /* Recipes.db */,
				27ECCEA32A2B8BA200F398EC /* IngridientsList.swift */,
			);
			path = Model;
			sourceTree = "<group>";
		};
/* End PBXGroup section */

/* Begin PBXNativeTarget section */
		27ECCE852A25AA0100F398EC /* Recipies Culminating */ = {
			isa = PBXNativeTarget;
			buildConfigurationList = 27ECCE942A25AA0B00F398EC /* Build configuration list for PBXNativeTarget "Recipies Culminating" */;
			buildPhases = (
				27ECCE822A25AA0100F398EC /* Sources */,
				27ECCE832A25AA0100F398EC /* Frameworks */,
				27ECCE842A25AA0100F398EC /* Resources */,
			);
			buildRules = (
			);
			dependencies = (
			);
			name = "Recipies Culminating";
			packageProductDependencies = (
				27ECCEA12A2B84C100F398EC /* Blackbird */,
			);
			productName = "Recipies Culminating";
			productReference = 27ECCE862A25AA0100F398EC /* Recipies Culminating.app */;
			productType = "com.apple.product-type.application";
		};
/* End PBXNativeTarget section */

/* Begin PBXProject section */
		27ECCE7E2A25AA0100F398EC /* Project object */ = {
			isa = PBXProject;
			attributes = {
				BuildIndependentTargetsInParallel = 1;
				LastSwiftUpdateCheck = 1420;
				LastUpgradeCheck = 1420;
				TargetAttributes = {
					27ECCE852A25AA0100F398EC = {
						CreatedOnToolsVersion = 14.2;
					};
				};
			};
			buildConfigurationList = 27ECCE812A25AA0100F398EC /* Build configuration list for PBXProject "Recipies Culminating" */;
			compatibilityVersion = "Xcode 14.0";
			developmentRegion = en;
			hasScannedForEncodings = 0;
			knownRegions = (
				en,
				Base,
			);
			mainGroup = 27ECCE7D2A25AA0000F398EC;
			packageReferences = (
				27ECCEA02A2B84C100F398EC /* XCRemoteSwiftPackageReference "Blackbird" */,
			);
			productRefGroup = 27ECCE872A25AA0100F398EC /* Products */;
			projectDirPath = "";
			projectRoot = "";
			targets = (
				27ECCE852A25AA0100F398EC /* Recipies Culminating */,
			);
		};
/* End PBXProject section */

/* Begin PBXResourcesBuildPhase section */
		27ECCE842A25AA0100F398EC /* Resources */ = {
			isa = PBXResourcesBuildPhase;
			buildActionMask = 2147483647;
			files = (
				27ECCE912A25AA0B00F398EC /* Preview Assets.xcassets in Resources */,
				27ECCE8E2A25AA0B00F398EC /* Assets.xcassets in Resources */,
				27ECCE9D2A2B820500F398EC /* Recipes.db in Resources */,
			);
			runOnlyForDeploymentPostprocessing = 0;
		};
/* End PBXResourcesBuildPhase section */

/* Begin PBXSourcesBuildPhase section */
		27ECCE822A25AA0100F398EC /* Sources */ = {
			isa = PBXSourcesBuildPhase;
			buildActionMask = 2147483647;
			files = (
				27ECCE8A2A25AA0100F398EC /* Recipies_CulminatingApp.swift in Sources */,
				27ECCE982A25AA3300F398EC /* CreatorView.swift in Sources */,
				27ECCE9F2A2B842100F398EC /* AppDataBase.swift in Sources */,
				27ECCE9A2A25AA4C00F398EC /* SavedView.swift in Sources */,
				27ECCEA42A2B8BA200F398EC /* IngridientsList.swift in Sources */,
			);
			runOnlyForDeploymentPostprocessing = 0;
		};
/* End PBXSourcesBuildPhase section */

/* Begin XCBuildConfiguration section */
		27ECCE922A25AA0B00F398EC /* Debug */ = {
			isa = XCBuildConfiguration;
			buildSettings = {
				ALWAYS_SEARCH_USER_PATHS = NO;
				CLANG_ANALYZER_NONNULL = YES;
				CLANG_ANALYZER_NUMBER_OBJECT_CONVERSION = YES_AGGRESSIVE;
				CLANG_CXX_LANGUAGE_STANDARD = "gnu++20";
				CLANG_ENABLE_MODULES = YES;
				CLANG_ENABLE_OBJC_ARC = YES;
				CLANG_ENABLE_OBJC_WEAK = YES;
				CLANG_WARN_BLOCK_CAPTURE_AUTORELEASING = YES;
				CLANG_WARN_BOOL_CONVERSION = YES;
				CLANG_WARN_COMMA = YES;
				CLANG_WARN_CONSTANT_CONVERSION = YES;
				CLANG_WARN_DEPRECATED_OBJC_IMPLEMENTATIONS = YES;
				CLANG_WARN_DIRECT_OBJC_ISA_USAGE = YES_ERROR;
				CLANG_WARN_DOCUMENTATION_COMMENTS = YES;
				CLANG_WARN_EMPTY_BODY = YES;
				CLANG_WARN_ENUM_CONVERSION = YES;
				CLANG_WARN_INFINITE_RECURSION = YES;
				CLANG_WARN_INT_CONVERSION = YES;
				CLANG_WARN_NON_LITERAL_NULL_CONVERSION = YES;
				CLANG_WARN_OBJC_IMPLICIT_RETAIN_SELF = YES;
				CLANG_WARN_OBJC_LITERAL_CONVERSION = YES;
				CLANG_WARN_OBJC_ROOT_CLASS = YES_ERROR;
				CLANG_WARN_QUOTED_INCLUDE_IN_FRAMEWORK_HEADER = YES;
				CLANG_WARN_RANGE_LOOP_ANALYSIS = YES;
				CLANG_WARN_STRICT_PROTOTYPES = YES;
				CLANG_WARN_SUSPICIOUS_MOVE = YES;
				CLANG_WARN_UNGUARDED_AVAILABILITY = YES_AGGRESSIVE;
				CLANG_WARN_UNREACHABLE_CODE = YES;
				CLANG_WARN__DUPLICATE_METHOD_MATCH = YES;
				COPY_PHASE_STRIP = NO;
				DEBUG_INFORMATION_FORMAT = dwarf;
				ENABLE_STRICT_OBJC_MSGSEND = YES;
				ENABLE_TESTABILITY = YES;
				GCC_C_LANGUAGE_STANDARD = gnu11;
				GCC_DYNAMIC_NO_PIC = NO;
				GCC_NO_COMMON_BLOCKS = YES;
				GCC_OPTIMIZATION_LEVEL = 0;
				GCC_PREPROCESSOR_DEFINITIONS = (
					"DEBUG=1",
					"$(inherited)",
				);
				GCC_WARN_64_TO_32_BIT_CONVERSION = YES;
				GCC_WARN_ABOUT_RETURN_TYPE = YES_ERROR;
				GCC_WARN_UNDECLARED_SELECTOR = YES;
				GCC_WARN_UNINITIALIZED_AUTOS = YES_AGGRESSIVE;
				GCC_WARN_UNUSED_FUNCTION = YES;
				GCC_WARN_UNUSED_VARIABLE = YES;
				IPHONEOS_DEPLOYMENT_TARGET = 16.2;
				MTL_ENABLE_DEBUG_INFO = INCLUDE_SOURCE;
				MTL_FAST_MATH = YES;
				ONLY_ACTIVE_ARCH = YES;
				SDKROOT = iphoneos;
				SWIFT_ACTIVE_COMPILATION_CONDITIONS = DEBUG;
				SWIFT_OPTIMIZATION_LEVEL = "-Onone";
			};
			name = Debug;
		};
		27ECCE932A25AA0B00F398EC /* Release */ = {
			isa = XCBuildConfiguration;
			buildSettings = {
				ALWAYS_SEARCH_USER_PATHS = NO;
				CLANG_ANALYZER_NONNULL = YES;
				CLANG_ANALYZER_NUMBER_OBJECT_CONVERSION = YES_AGGRESSIVE;
				CLANG_CXX_LANGUAGE_STANDARD = "gnu++20";
				CLANG_ENABLE_MODULES = YES;
				CLANG_ENABLE_OBJC_ARC = YES;
				CLANG_ENABLE_OBJC_WEAK = YES;
				CLANG_WARN_BLOCK_CAPTURE_AUTORELEASING = YES;
				CLANG_WARN_BOOL_CONVERSION = YES;
				CLANG_WARN_COMMA = YES;
				CLANG_WARN_CONSTANT_CONVERSION = YES;
				CLANG_WARN_DEPRECATED_OBJC_IMPLEMENTATIONS = YES;
				CLANG_WARN_DIRECT_OBJC_ISA_USAGE = YES_ERROR;
				CLANG_WARN_DOCUMENTATION_COMMENTS = YES;
				CLANG_WARN_EMPTY_BODY = YES;
				CLANG_WARN_ENUM_CONVERSION = YES;
				CLANG_WARN_INFINITE_RECURSION = YES;
				CLANG_WARN_INT_CONVERSION = YES;
				CLANG_WARN_NON_LITERAL_NULL_CONVERSION = YES;
				CLANG_WARN_OBJC_IMPLICIT_RETAIN_SELF = YES;
				CLANG_WARN_OBJC_LITERAL_CONVERSION = YES;
				CLANG_WARN_OBJC_ROOT_CLASS = YES_ERROR;
				CLANG_WARN_QUOTED_INCLUDE_IN_FRAMEWORK_HEADER = YES;
				CLANG_WARN_RANGE_LOOP_ANALYSIS = YES;
				CLANG_WARN_STRICT_PROTOTYPES = YES;
				CLANG_WARN_SUSPICIOUS_MOVE = YES;
				CLANG_WARN_UNGUARDED_AVAILABILITY = YES_AGGRESSIVE;
				CLANG_WARN_UNREACHABLE_CODE = YES;
				CLANG_WARN__DUPLICATE_METHOD_MATCH = YES;
				COPY_PHASE_STRIP = NO;
				DEBUG_INFORMATION_FORMAT = "dwarf-with-dsym";
				ENABLE_NS_ASSERTIONS = NO;
				ENABLE_STRICT_OBJC_MSGSEND = YES;
				GCC_C_LANGUAGE_STANDARD = gnu11;
				GCC_NO_COMMON_BLOCKS = YES;
				GCC_WARN_64_TO_32_BIT_CONVERSION = YES;
				GCC_WARN_ABOUT_RETURN_TYPE = YES_ERROR;
				GCC_WARN_UNDECLARED_SELECTOR = YES;
				GCC_WARN_UNINITIALIZED_AUTOS = YES_AGGRESSIVE;
				GCC_WARN_UNUSED_FUNCTION = YES;
				GCC_WARN_UNUSED_VARIABLE = YES;
				IPHONEOS_DEPLOYMENT_TARGET = 16.2;
				MTL_ENABLE_DEBUG_INFO = NO;
				MTL_FAST_MATH = YES;
				SDKROOT = iphoneos;
				SWIFT_COMPILATION_MODE = wholemodule;
				SWIFT_OPTIMIZATION_LEVEL = "-O";
				VALIDATE_PRODUCT = YES;
			};
			name = Release;
		};
		27ECCE952A25AA0B00F398EC /* Debug */ = {
			isa = XCBuildConfiguration;
			buildSettings = {
				ASSETCATALOG_COMPILER_APPICON_NAME = AppIcon;
				ASSETCATALOG_COMPILER_GLOBAL_ACCENT_COLOR_NAME = AccentColor;
				CODE_SIGN_STYLE = Automatic;
				CURRENT_PROJECT_VERSION = 1;
				DEVELOPMENT_ASSET_PATHS = "\"Recipies Culminating/Preview Content\"";
				ENABLE_PREVIEWS = YES;
				GENERATE_INFOPLIST_FILE = YES;
				INFOPLIST_KEY_UIApplicationSceneManifest_Generation = YES;
				INFOPLIST_KEY_UIApplicationSupportsIndirectInputEvents = YES;
				INFOPLIST_KEY_UILaunchScreen_Generation = YES;
				INFOPLIST_KEY_UISupportedInterfaceOrientations_iPad = "UIInterfaceOrientationPortrait UIInterfaceOrientationPortraitUpsideDown UIInterfaceOrientationLandscapeLeft UIInterfaceOrientationLandscapeRight";
				INFOPLIST_KEY_UISupportedInterfaceOrientations_iPhone = "UIInterfaceOrientationPortrait UIInterfaceOrientationLandscapeLeft UIInterfaceOrientationLandscapeRight";
				LD_RUNPATH_SEARCH_PATHS = (
					"$(inherited)",
					"@executable_path/Frameworks",
				);
				MARKETING_VERSION = 1.0;
				PRODUCT_BUNDLE_IDENTIFIER = "ca.lucasgarcia.Recipies-Culminating";
				PRODUCT_NAME = "$(TARGET_NAME)";
				SWIFT_EMIT_LOC_STRINGS = YES;
				SWIFT_VERSION = 5.0;
				TARGETED_DEVICE_FAMILY = "1,2";
			};
			name = Debug;
		};
		27ECCE962A25AA0B00F398EC /* Release */ = {
			isa = XCBuildConfiguration;
			buildSettings = {
				ASSETCATALOG_COMPILER_APPICON_NAME = AppIcon;
				ASSETCATALOG_COMPILER_GLOBAL_ACCENT_COLOR_NAME = AccentColor;
				CODE_SIGN_STYLE = Automatic;
				CURRENT_PROJECT_VERSION = 1;
				DEVELOPMENT_ASSET_PATHS = "\"Recipies Culminating/Preview Content\"";
				ENABLE_PREVIEWS = YES;
				GENERATE_INFOPLIST_FILE = YES;
				INFOPLIST_KEY_UIApplicationSceneManifest_Generation = YES;
				INFOPLIST_KEY_UIApplicationSupportsIndirectInputEvents = YES;
				INFOPLIST_KEY_UILaunchScreen_Generation = YES;
				INFOPLIST_KEY_UISupportedInterfaceOrientations_iPad = "UIInterfaceOrientationPortrait UIInterfaceOrientationPortraitUpsideDown UIInterfaceOrientationLandscapeLeft UIInterfaceOrientationLandscapeRight";
				INFOPLIST_KEY_UISupportedInterfaceOrientations_iPhone = "UIInterfaceOrientationPortrait UIInterfaceOrientationLandscapeLeft UIInterfaceOrientationLandscapeRight";
				LD_RUNPATH_SEARCH_PATHS = (
					"$(inherited)",
					"@executable_path/Frameworks",
				);
				MARKETING_VERSION = 1.0;
				PRODUCT_BUNDLE_IDENTIFIER = "ca.lucasgarcia.Recipies-Culminating";
				PRODUCT_NAME = "$(TARGET_NAME)";
				SWIFT_EMIT_LOC_STRINGS = YES;
				SWIFT_VERSION = 5.0;
				TARGETED_DEVICE_FAMILY = "1,2";
			};
			name = Release;
		};
/* End XCBuildConfiguration section */

/* Begin XCConfigurationList section */
		27ECCE812A25AA0100F398EC /* Build configuration list for PBXProject "Recipies Culminating" */ = {
			isa = XCConfigurationList;
			buildConfigurations = (
				27ECCE922A25AA0B00F398EC /* Debug */,
				27ECCE932A25AA0B00F398EC /* Release */,
			);
			defaultConfigurationIsVisible = 0;
			defaultConfigurationName = Release;
		};
		27ECCE942A25AA0B00F398EC /* Build configuration list for PBXNativeTarget "Recipies Culminating" */ = {
			isa = XCConfigurationList;
			buildConfigurations = (
				27ECCE952A25AA0B00F398EC /* Debug */,
				27ECCE962A25AA0B00F398EC /* Release */,
			);
			defaultConfigurationIsVisible = 0;
			defaultConfigurationName = Release;
		};
/* End XCConfigurationList section */

/* Begin XCRemoteSwiftPackageReference section */
		27ECCEA02A2B84C100F398EC /* XCRemoteSwiftPackageReference "Blackbird" */ = {
			isa = XCRemoteSwiftPackageReference;
			repositoryURL = "https://github.com/marcoarment/Blackbird";
			requirement = {
				branch = main;
				kind = branch;
			};
		};
/* End XCRemoteSwiftPackageReference section */

/* Begin XCSwiftPackageProductDependency section */
		27ECCEA12A2B84C100F398EC /* Blackbird */ = {
			isa = XCSwiftPackageProductDependency;
			package = 27ECCEA02A2B84C100F398EC /* XCRemoteSwiftPackageReference "Blackbird" */;
			productName = Blackbird;
		};
/* End XCSwiftPackageProductDependency section */
	};
	rootObject = 27ECCE7E2A25AA0100F398EC /* Project object */;
}
